
Microsoft Visual Studio Solution File, Format Version 12.00
# Visual Studio Version 16
VisualStudioVersion = 16.0.32413.511
MinimumVisualStudioVersion = 10.0.40219.1
Project("{8BC9CEB8-8B4A-11D0-8D11-00A0C91BC942}") = "Cpp", "Cpp.vcxproj", "{07ED415D-F794-4BCD-BC74-0B4AB530D114}"
EndProject
Project("{8BC9CEB8-8B4A-11D0-8D11-00A0C91BC942}") = "Cpp1_1", "..\Cpp1\Cpp1.vcxproj", "{D40AABA7-BC20-41DE-94C5-30E01F11B726}"
EndProject
Project("{8BC9CEB8-8B4A-11D0-8D11-00A0C91BC942}") = "Cpp2", "Cpp2\Cpp2.vcxproj", "{3A8EF493-5796-4917-A97F-4BC82DE942A1}"
EndProject
Global
	GlobalSection(SolutionConfigurationPlatforms) = preSolution
		Debug|x64 = Debug|x64
		Debug|x86 = Debug|x86
		Release|x64 = Release|x64
		Release|x86 = Release|x86
	EndGlobalSection
	GlobalSection(ProjectConfigurationPlatforms) = postSolution
		{07ED415D-F794-4BCD-BC74-0B4AB530D114}.Debug|x64.ActiveCfg = Debug|x64
		{07ED415D-F794-4BCD-BC74-0B4AB530D114}.Debug|x64.Build.0 = Debug|x64
		{07ED415D-F794-4BCD-BC74-0B4AB530D114}.Debug|x86.ActiveCfg = Debug|Win32
		{07ED415D-F794-4BCD-BC74-0B4AB530D114}.Debug|x86.Build.0 = Debug|Win32
		{07ED415D-F794-4BCD-BC74-0B4AB530D114}.Release|x64.ActiveCfg = Release|x64
		{07ED415D-F794-4BCD-BC74-0B4AB530D114}.Release|x64.Build.0 = Release|x64
		{07ED415D-F794-4BCD-BC74-0B4AB530D114}.Release|x86.ActiveCfg = Release|Win32
		{07ED415D-F794-4BCD-BC74-0B4AB530D114}.Release|x86.Build.0 = Release|Win32
		{D40AABA7-BC20-41DE-94C5-30E01F11B726}.Debug|x64.ActiveCfg = Debug|x64
		{D40AABA7-BC20-41DE-94C5-30E01F11B726}.Debug|x64.Build.0 = Debug|x64
		{D40AABA7-BC20-41DE-94C5-30E01F11B726}.Debug|x86.ActiveCfg = Debug|Win32
		{D40AABA7-BC20-41DE-94C5-30E01F11B726}.Debug|x86.Build.0 = Debug|Win32
		{D40AABA7-BC20-41DE-94C5-30E01F11B726}.Release|x64.ActiveCfg = Release|x64
		{D40AABA7-BC20-41DE-94C5-30E01F11B726}.Release|x64.Build.0 = Release|x64
		{D40AABA7-BC20-41DE-94C5-30E01F11B726}.Release|x86.ActiveCfg = Release|Win32
		{D40AABA7-BC20-41DE-94C5-30E01F11B726}.Release|x86.Build.0 = Release|Win32
		{3A8EF493-5796-4917-A97F-4BC82DE942A1}.Debug|x64.ActiveCfg = Debug|x64
		{3A8EF493-5796-4917-A97F-4BC82DE942A1}.Debug|x64.Build.0 = Debug|x64
		{3A8EF493-5796-4917-A97F-4BC82DE942A1}.Debug|x86.ActiveCfg = Debug|Win32
		{3A8EF493-5796-4917-A97F-4BC82DE942A1}.Debug|x86.Build.0 = Debug|Win32
		{3A8EF493-5796-4917-A97F-4BC82DE942A1}.Release|x64.ActiveCfg = Release|x64
		{3A8EF493-5796-4917-A97F-4BC82DE942A1}.Release|x64.Build.0 = Release|x64
		{3A8EF493-5796-4917-A97F-4BC82DE942A1}.Release|x86.ActiveCfg = Release|Win32
		{3A8EF493-5796-4917-A97F-4BC82DE942A1}.Release|x86.Build.0 = Release|Win32
	EndGlobalSection
	GlobalSection(SolutionProperties) = preSolution
		HideSolutionNode = FALSE
	EndGlobalSection
	GlobalSection(ExtensibilityGlobals) = postSolution
		SolutionGuid = {84A60010-E09F-4780-ADEA-89DD4E7BA7F9}
	EndGlobalSection
EndGlobal
